
Microsoft Visual Studio Solution File, Format Version 12.00
# Visual Studio Version 17
VisualStudioVersion = 17.8.34309.116
MinimumVisualStudioVersion = 10.0.40219.1
Project("{FAE04EC0-301F-11D3-BF4B-00C04F79EFBC}") = "Inventory", "Inventory\Inventory.csproj", "{62068FD8-3919-4FD5-9BD9-BDB628BD9550}"
EndProject
Global
	GlobalSection(SolutionConfigurationPlatforms) = preSolution
		Debug|Any CPU = Debug|Any CPU
		Release|Any CPU = Release|Any CPU
	EndGlobalSection
	GlobalSection(ProjectConfigurationPlatforms) = postSolution
		{62068FD8-3919-4FD5-9BD9-BDB628BD9550}.Debug|Any CPU.ActiveCfg = Debug|Any CPU
		{62068FD8-3919-4FD5-9BD9-BDB628BD9550}.Debug|Any CPU.Build.0 = Debug|Any CPU
		{62068FD8-3919-4FD5-9BD9-BDB628BD9550}.Release|Any CPU.ActiveCfg = Release|Any CPU
		{62068FD8-3919-4FD5-9BD9-BDB628BD9550}.Release|Any CPU.Build.0 = Release|Any CPU
	EndGlobalSection
	GlobalSection(SolutionProperties) = preSolution
		HideSolutionNode = FALSE
	EndGlobalSection
	GlobalSection(ExtensibilityGlobals) = postSolution
		SolutionGuid = {707F809C-FE0B-47F1-9883-E9588294FE35}
	EndGlobalSection
EndGlobal
